
Microsoft Visual Studio Solution File, Format Version 12.00
# Visual Studio Version 17
VisualStudioVersion = 17.2.32630.192
MinimumVisualStudioVersion = 10.0.40219.1
Project("{FAE04EC0-301F-11D3-BF4B-00C04F79EFBC}") = "RecursiveChange", "RecursiveChange.csproj", "{952F322A-ADF5-40A9-B21F-4E3DAFF3F7F1}"
EndProject
Global
	GlobalSection(SolutionConfigurationPlatforms) = preSolution
		Debug|Any CPU = Debug|Any CPU
		Release|Any CPU = Release|Any CPU
	EndGlobalSection
	GlobalSection(ProjectConfigurationPlatforms) = postSolution
		{952F322A-ADF5-40A9-B21F-4E3DAFF3F7F1}.Debug|Any CPU.ActiveCfg = Debug|Any CPU
		{952F322A-ADF5-40A9-B21F-4E3DAFF3F7F1}.Debug|Any CPU.Build.0 = Debug|Any CPU
		{952F322A-ADF5-40A9-B21F-4E3DAFF3F7F1}.Release|Any CPU.ActiveCfg = Release|Any CPU
		{952F322A-ADF5-40A9-B21F-4E3DAFF3F7F1}.Release|Any CPU.Build.0 = Release|Any CPU
	EndGlobalSection
	GlobalSection(SolutionProperties) = preSolution
		HideSolutionNode = FALSE
	EndGlobalSection
	GlobalSection(ExtensibilityGlobals) = postSolution
		SolutionGuid = {2494EAF6-A9D2-435A-A35D-15E1A5D1D10B}
	EndGlobalSection
EndGlobal
