
Microsoft Visual Studio Solution File, Format Version 12.00
# Visual Studio Version 17
VisualStudioVersion = 17.2.32630.192
MinimumVisualStudioVersion = 10.0.40219.1
Project("{FAE04EC0-301F-11D3-BF4B-00C04F79EFBC}") = "MajorityElement", "MajorityElement.csproj", "{0C56296E-3868-4D40-A3A8-E2E07EF4AB3D}"
EndProject
Global
	GlobalSection(SolutionConfigurationPlatforms) = preSolution
		Debug|Any CPU = Debug|Any CPU
		Release|Any CPU = Release|Any CPU
	EndGlobalSection
	GlobalSection(ProjectConfigurationPlatforms) = postSolution
		{0C56296E-3868-4D40-A3A8-E2E07EF4AB3D}.Debug|Any CPU.ActiveCfg = Debug|Any CPU
		{0C56296E-3868-4D40-A3A8-E2E07EF4AB3D}.Debug|Any CPU.Build.0 = Debug|Any CPU
		{0C56296E-3868-4D40-A3A8-E2E07EF4AB3D}.Release|Any CPU.ActiveCfg = Release|Any CPU
		{0C56296E-3868-4D40-A3A8-E2E07EF4AB3D}.Release|Any CPU.Build.0 = Release|Any CPU
	EndGlobalSection
	GlobalSection(SolutionProperties) = preSolution
		HideSolutionNode = FALSE
	EndGlobalSection
	GlobalSection(ExtensibilityGlobals) = postSolution
		SolutionGuid = {6FCA3B85-8614-4BB1-BF1D-92EFF8BAA94F}
	EndGlobalSection
EndGlobal
