
Microsoft Visual Studio Solution File, Format Version 12.00
# Visual Studio Version 17
VisualStudioVersion = 17.2.32630.192
MinimumVisualStudioVersion = 10.0.40219.1
Project("{FAE04EC0-301F-11D3-BF4B-00C04F79EFBC}") = "Fibonacci", "Fibonacci.csproj", "{C8920A47-C8B9-4B55-A408-1F30DD3B87CF}"
EndProject
Global
	GlobalSection(SolutionConfigurationPlatforms) = preSolution
		Debug|Any CPU = Debug|Any CPU
		Release|Any CPU = Release|Any CPU
	EndGlobalSection
	GlobalSection(ProjectConfigurationPlatforms) = postSolution
		{C8920A47-C8B9-4B55-A408-1F30DD3B87CF}.Debug|Any CPU.ActiveCfg = Debug|Any CPU
		{C8920A47-C8B9-4B55-A408-1F30DD3B87CF}.Debug|Any CPU.Build.0 = Debug|Any CPU
		{C8920A47-C8B9-4B55-A408-1F30DD3B87CF}.Release|Any CPU.ActiveCfg = Release|Any CPU
		{C8920A47-C8B9-4B55-A408-1F30DD3B87CF}.Release|Any CPU.Build.0 = Release|Any CPU
	EndGlobalSection
	GlobalSection(SolutionProperties) = preSolution
		HideSolutionNode = FALSE
	EndGlobalSection
	GlobalSection(ExtensibilityGlobals) = postSolution
		SolutionGuid = {F724CD78-1F20-4713-A040-68FC1AC53B4D}
	EndGlobalSection
EndGlobal
