
Microsoft Visual Studio Solution File, Format Version 12.00
# Visual Studio Version 17
VisualStudioVersion = 17.2.32630.192
MinimumVisualStudioVersion = 10.0.40219.1
Project("{FAE04EC0-301F-11D3-BF4B-00C04F79EFBC}") = "NumberOfInversions", "NumberOfInversions.csproj", "{EFBFF6D5-2C37-4ED7-823B-11DA8A8048CF}"
EndProject
Global
	GlobalSection(SolutionConfigurationPlatforms) = preSolution
		Debug|Any CPU = Debug|Any CPU
		Release|Any CPU = Release|Any CPU
	EndGlobalSection
	GlobalSection(ProjectConfigurationPlatforms) = postSolution
		{EFBFF6D5-2C37-4ED7-823B-11DA8A8048CF}.Debug|Any CPU.ActiveCfg = Debug|Any CPU
		{EFBFF6D5-2C37-4ED7-823B-11DA8A8048CF}.Debug|Any CPU.Build.0 = Debug|Any CPU
		{EFBFF6D5-2C37-4ED7-823B-11DA8A8048CF}.Release|Any CPU.ActiveCfg = Release|Any CPU
		{EFBFF6D5-2C37-4ED7-823B-11DA8A8048CF}.Release|Any CPU.Build.0 = Release|Any CPU
	EndGlobalSection
	GlobalSection(SolutionProperties) = preSolution
		HideSolutionNode = FALSE
	EndGlobalSection
	GlobalSection(ExtensibilityGlobals) = postSolution
		SolutionGuid = {BA0E6B4C-D450-4DCB-B243-7627303E6861}
	EndGlobalSection
EndGlobal
