
Microsoft Visual Studio Solution File, Format Version 12.00
# Visual Studio Version 17
VisualStudioVersion = 17.2.32630.192
MinimumVisualStudioVersion = 10.0.40219.1
Project("{FAE04EC0-301F-11D3-BF4B-00C04F79EFBC}") = "FibonacciLastDigit", "FibonacciLastDigit.csproj", "{31DEF32E-7A32-486F-9432-EDEFD23BEC72}"
EndProject
Global
	GlobalSection(SolutionConfigurationPlatforms) = preSolution
		Debug|Any CPU = Debug|Any CPU
		Release|Any CPU = Release|Any CPU
	EndGlobalSection
	GlobalSection(ProjectConfigurationPlatforms) = postSolution
		{31DEF32E-7A32-486F-9432-EDEFD23BEC72}.Debug|Any CPU.ActiveCfg = Debug|Any CPU
		{31DEF32E-7A32-486F-9432-EDEFD23BEC72}.Debug|Any CPU.Build.0 = Debug|Any CPU
		{31DEF32E-7A32-486F-9432-EDEFD23BEC72}.Release|Any CPU.ActiveCfg = Release|Any CPU
		{31DEF32E-7A32-486F-9432-EDEFD23BEC72}.Release|Any CPU.Build.0 = Release|Any CPU
	EndGlobalSection
	GlobalSection(SolutionProperties) = preSolution
		HideSolutionNode = FALSE
	EndGlobalSection
	GlobalSection(ExtensibilityGlobals) = postSolution
		SolutionGuid = {A5B6DEFE-26CE-48A6-8979-7A026306642F}
	EndGlobalSection
EndGlobal
