
Microsoft Visual Studio Solution File, Format Version 12.00
# Visual Studio Version 17
VisualStudioVersion = 17.2.32630.192
MinimumVisualStudioVersion = 10.0.40219.1
Project("{FAE04EC0-301F-11D3-BF4B-00C04F79EFBC}") = "CarFueling", "CarFueling.csproj", "{4E91D5D7-77D5-4AEA-86FB-64162BB0975A}"
EndProject
Global
	GlobalSection(SolutionConfigurationPlatforms) = preSolution
		Debug|Any CPU = Debug|Any CPU
		Release|Any CPU = Release|Any CPU
	EndGlobalSection
	GlobalSection(ProjectConfigurationPlatforms) = postSolution
		{4E91D5D7-77D5-4AEA-86FB-64162BB0975A}.Debug|Any CPU.ActiveCfg = Debug|Any CPU
		{4E91D5D7-77D5-4AEA-86FB-64162BB0975A}.Debug|Any CPU.Build.0 = Debug|Any CPU
		{4E91D5D7-77D5-4AEA-86FB-64162BB0975A}.Release|Any CPU.ActiveCfg = Release|Any CPU
		{4E91D5D7-77D5-4AEA-86FB-64162BB0975A}.Release|Any CPU.Build.0 = Release|Any CPU
	EndGlobalSection
	GlobalSection(SolutionProperties) = preSolution
		HideSolutionNode = FALSE
	EndGlobalSection
	GlobalSection(ExtensibilityGlobals) = postSolution
		SolutionGuid = {B9763A9D-A400-4D21-B905-41C0AD2DADA7}
	EndGlobalSection
EndGlobal
