
Microsoft Visual Studio Solution File, Format Version 12.00
# Visual Studio Version 17
VisualStudioVersion = 17.2.32630.192
MinimumVisualStudioVersion = 10.0.40219.1
Project("{FAE04EC0-301F-11D3-BF4B-00C04F79EFBC}") = "LeastCommonMultiple", "LeastCommonMultiple.csproj", "{414F53F8-37FC-4D46-AF33-6989B14D890B}"
EndProject
Global
	GlobalSection(SolutionConfigurationPlatforms) = preSolution
		Debug|Any CPU = Debug|Any CPU
		Release|Any CPU = Release|Any CPU
	EndGlobalSection
	GlobalSection(ProjectConfigurationPlatforms) = postSolution
		{414F53F8-37FC-4D46-AF33-6989B14D890B}.Debug|Any CPU.ActiveCfg = Debug|Any CPU
		{414F53F8-37FC-4D46-AF33-6989B14D890B}.Debug|Any CPU.Build.0 = Debug|Any CPU
		{414F53F8-37FC-4D46-AF33-6989B14D890B}.Release|Any CPU.ActiveCfg = Release|Any CPU
		{414F53F8-37FC-4D46-AF33-6989B14D890B}.Release|Any CPU.Build.0 = Release|Any CPU
	EndGlobalSection
	GlobalSection(SolutionProperties) = preSolution
		HideSolutionNode = FALSE
	EndGlobalSection
	GlobalSection(ExtensibilityGlobals) = postSolution
		SolutionGuid = {FD6EB9B6-4542-41E0-9B1D-760A5AB46E1C}
	EndGlobalSection
EndGlobal
